
Microsoft Visual Studio Solution File, Format Version 12.00
# Visual Studio 15
VisualStudioVersion = 15.0.27130.2010
MinimumVisualStudioVersion = 10.0.40219.1
Project("{FAE04EC0-301F-11D3-BF4B-00C04F79EFBC}") = "MVVM", "WpfApp3\MVVM.csproj", "{3D8B893B-DB71-46DF-9027-4CA1BD335B75}"
EndProject
Global
	GlobalSection(SolutionConfigurationPlatforms) = preSolution
		Debug|Any CPU = Debug|Any CPU
		Release|Any CPU = Release|Any CPU
	EndGlobalSection
	GlobalSection(ProjectConfigurationPlatforms) = postSolution
		{3D8B893B-DB71-46DF-9027-4CA1BD335B75}.Debug|Any CPU.ActiveCfg = Debug|Any CPU
		{3D8B893B-DB71-46DF-9027-4CA1BD335B75}.Debug|Any CPU.Build.0 = Debug|Any CPU
		{3D8B893B-DB71-46DF-9027-4CA1BD335B75}.Release|Any CPU.ActiveCfg = Release|Any CPU
		{3D8B893B-DB71-46DF-9027-4CA1BD335B75}.Release|Any CPU.Build.0 = Release|Any CPU
	EndGlobalSection
	GlobalSection(SolutionProperties) = preSolution
		HideSolutionNode = FALSE
	EndGlobalSection
	GlobalSection(ExtensibilityGlobals) = postSolution
		SolutionGuid = {668F6B5F-AFC2-4377-B19D-BF2A36856F92}
	EndGlobalSection
EndGlobal
